
Microsoft Visual Studio Solution File, Format Version 12.00
# Visual Studio Version 16
VisualStudioVersion = 16.0.31321.278
MinimumVisualStudioVersion = 10.0.40219.1
Project("{FAE04EC0-301F-11D3-BF4B-00C04F79EFBC}") = "Segundo Parcial", "SegundoParcial\Segundo Parcial.csproj", "{C352398B-7A75-4529-882A-0931E562ECB8}"
EndProject
Global
	GlobalSection(SolutionConfigurationPlatforms) = preSolution
		Debug|Any CPU = Debug|Any CPU
		Release|Any CPU = Release|Any CPU
	EndGlobalSection
	GlobalSection(ProjectConfigurationPlatforms) = postSolution
		{C352398B-7A75-4529-882A-0931E562ECB8}.Debug|Any CPU.ActiveCfg = Debug|Any CPU
		{C352398B-7A75-4529-882A-0931E562ECB8}.Debug|Any CPU.Build.0 = Debug|Any CPU
		{C352398B-7A75-4529-882A-0931E562ECB8}.Release|Any CPU.ActiveCfg = Release|Any CPU
		{C352398B-7A75-4529-882A-0931E562ECB8}.Release|Any CPU.Build.0 = Release|Any CPU
	EndGlobalSection
	GlobalSection(SolutionProperties) = preSolution
		HideSolutionNode = FALSE
	EndGlobalSection
	GlobalSection(ExtensibilityGlobals) = postSolution
		SolutionGuid = {68FB52F0-0A9D-4D36-9016-68EE394121EA}
	EndGlobalSection
EndGlobal
